// !$*UTF8*$!
{
	archiveVersion = 1;
	classes = {
	};
	objectVersion = 46;
	objects = {

/* Begin PBXBuildFile section */
		3852D1D41C2A1B8E006E8669 /* shift.cpp in Sources */ = {isa = PBXBuildFile; fileRef = 3852D1D21C2A1B8E006E8669 /* shift.cpp */; };
		3852D1DA1C2E35F9006E8669 /* sort.cpp in Sources */ = {isa = PBXBuildFile; fileRef = 3852D1D81C2E35F9006E8669 /* sort.cpp */; };
		3852D1EE1C30A6F9006E8669 /* OpenGL.framework in Frameworks */ = {isa = PBXBuildFile; fileRef = 3852D1ED1C30A6F9006E8669 /* OpenGL.framework */; };
		3852D1F01C30A6FE006E8669 /* GLUT.framework in Frameworks */ = {isa = PBXBuildFile; fileRef = 3852D1EF1C30A6FE006E8669 /* GLUT.framework */; };
		3852D1F31C3BF724006E8669 /* search.cpp in Sources */ = {isa = PBXBuildFile; fileRef = 3852D1F11C3BF724006E8669 /* search.cpp */; };
		3883801F1C17134F00168D61 /* main.cpp in Sources */ = {isa = PBXBuildFile; fileRef = 3883801E1C17134F00168D61 /* main.cpp */; };
		96FB3FD61C3255A0004D3E54 /* ByteArray.cpp in Sources */ = {isa = PBXBuildFile; fileRef = 96FB3FD41C3255A0004D3E54 /* ByteArray.cpp */; };
/* End PBXBuildFile section */

/* Begin PBXCopyFilesBuildPhase section */
		388380191C17134F00168D61 /* CopyFiles */ = {
			isa = PBXCopyFilesBuildPhase;
			buildActionMask = 2147483647;
			dstPath = /usr/share/man/man1/;
			dstSubfolderSpec = 0;
			files = (
			);
			runOnlyForDeploymentPostprocessing = 1;
		};
/* End PBXCopyFilesBuildPhase section */

/* Begin PBXFileReference section */
		3852D1D21C2A1B8E006E8669 /* shift.cpp */ = {isa = PBXFileReference; fileEncoding = 4; lastKnownFileType = sourcecode.cpp.cpp; path = shift.cpp; sourceTree = "<group>"; };
		3852D1D31C2A1B8E006E8669 /* shift.hpp */ = {isa = PBXFileReference; fileEncoding = 4; lastKnownFileType = sourcecode.cpp.h; path = shift.hpp; sourceTree = "<group>"; };
		3852D1D81C2E35F9006E8669 /* sort.cpp */ = {isa = PBXFileReference; fileEncoding = 4; lastKnownFileType = sourcecode.cpp.cpp; path = sort.cpp; sourceTree = "<group>"; };
		3852D1D91C2E35F9006E8669 /* sort.hpp */ = {isa = PBXFileReference; fileEncoding = 4; lastKnownFileType = sourcecode.cpp.h; path = sort.hpp; sourceTree = "<group>"; };
		3852D1ED1C30A6F9006E8669 /* OpenGL.framework */ = {isa = PBXFileReference; lastKnownFileType = wrapper.framework; name = OpenGL.framework; path = System/Library/Frameworks/OpenGL.framework; sourceTree = SDKROOT; };
		3852D1EF1C30A6FE006E8669 /* GLUT.framework */ = {isa = PBXFileReference; lastKnownFileType = wrapper.framework; name = GLUT.framework; path = System/Library/Frameworks/GLUT.framework; sourceTree = SDKROOT; };
		3852D1F11C3BF724006E8669 /* search.cpp */ = {isa = PBXFileReference; fileEncoding = 4; lastKnownFileType = sourcecode.cpp.cpp; path = search.cpp; sourceTree = "<group>"; };
		3852D1F21C3BF724006E8669 /* search.hpp */ = {isa = PBXFileReference; fileEncoding = 4; lastKnownFileType = sourcecode.cpp.h; path = search.hpp; sourceTree = "<group>"; };
		3883801B1C17134F00168D61 /* test1 */ = {isa = PBXFileReference; explicitFileType = "compiled.mach-o.executable"; includeInIndex = 0; path = test1; sourceTree = BUILT_PRODUCTS_DIR; };
		3883801E1C17134F00168D61 /* main.cpp */ = {isa = PBXFileReference; lastKnownFileType = sourcecode.cpp.cpp; path = main.cpp; sourceTree = "<group>"; };
		96FB3FD41C3255A0004D3E54 /* ByteArray.cpp */ = {isa = PBXFileReference; fileEncoding = 4; lastKnownFileType = sourcecode.cpp.cpp; path = ByteArray.cpp; sourceTree = "<group>"; };
		96FB3FD51C3255A0004D3E54 /* ByteArray.hpp */ = {isa = PBXFileReference; fileEncoding = 4; lastKnownFileType = sourcecode.cpp.h; path = ByteArray.hpp; sourceTree = "<group>"; };
/* End PBXFileReference section */

/* Begin PBXFrameworksBuildPhase section */
		388380181C17134F00168D61 /* Frameworks */ = {
			isa = PBXFrameworksBuildPhase;
			buildActionMask = 2147483647;
			files = (
				3852D1F01C30A6FE006E8669 /* GLUT.framework in Frameworks */,
				3852D1EE1C30A6F9006E8669 /* OpenGL.framework in Frameworks */,
			);
			runOnlyForDeploymentPostprocessing = 0;
		};
/* End PBXFrameworksBuildPhase section */

/* Begin PBXGroup section */
		388380121C17134F00168D61 = {
			isa = PBXGroup;
			children = (
				3852D1EF1C30A6FE006E8669 /* GLUT.framework */,
				3852D1ED1C30A6F9006E8669 /* OpenGL.framework */,
				3883801D1C17134F00168D61 /* test1 */,
				3883801C1C17134F00168D61 /* Products */,
			);
			sourceTree = "<group>";
		};
		3883801C1C17134F00168D61 /* Products */ = {
			isa = PBXGroup;
			children = (
				3883801B1C17134F00168D61 /* test1 */,
			);
			name = Products;
			sourceTree = "<group>";
		};
		3883801D1C17134F00168D61 /* test1 */ = {
			isa = PBXGroup;
			children = (
				96FB3FD41C3255A0004D3E54 /* ByteArray.cpp */,
				96FB3FD51C3255A0004D3E54 /* ByteArray.hpp */,
				3883801E1C17134F00168D61 /* main.cpp */,
				3852D1F11C3BF724006E8669 /* search.cpp */,
				3852D1F21C3BF724006E8669 /* search.hpp */,
				3852D1D21C2A1B8E006E8669 /* shift.cpp */,
				3852D1D31C2A1B8E006E8669 /* shift.hpp */,
				3852D1D81C2E35F9006E8669 /* sort.cpp */,
				3852D1D91C2E35F9006E8669 /* sort.hpp */,
			);
			path = test1;
			sourceTree = "<group>";
		};
/* End PBXGroup section */

/* Begin PBXNativeTarget section */
		3883801A1C17134F00168D61 /* test1 */ = {
			isa = PBXNativeTarget;
			buildConfigurationList = 388380221C17135000168D61 /* Build configuration list for PBXNativeTarget "test1" */;
			buildPhases = (
				388380171C17134F00168D61 /* Sources */,
				388380181C17134F00168D61 /* Frameworks */,
				388380191C17134F00168D61 /* CopyFiles */,
			);
			buildRules = (
			);
			dependencies = (
			);
			name = test1;
			productName = test1;
			productReference = 3883801B1C17134F00168D61 /* test1 */;
			productType = "com.apple.product-type.tool";
		};
/* End PBXNativeTarget section */

/* Begin PBXProject section */
		388380131C17134F00168D61 /* Project object */ = {
			isa = PBXProject;
			attributes = {
				LastUpgradeCheck = 0710;
				ORGANIZATIONNAME = cdlizhong;
				TargetAttributes = {
					3883801A1C17134F00168D61 = {
						CreatedOnToolsVersion = 7.1;
					};
				};
			};
			buildConfigurationList = 388380161C17134F00168D61 /* Build configuration list for PBXProject "test1" */;
			compatibilityVersion = "Xcode 3.2";
			developmentRegion = English;
			hasScannedForEncodings = 0;
			knownRegions = (
				en,
			);
			mainGroup = 388380121C17134F00168D61;
			productRefGroup = 3883801C1C17134F00168D61 /* Products */;
			projectDirPath = "";
			projectRoot = "";
			targets = (
				3883801A1C17134F00168D61 /* test1 */,
			);
		};
/* End PBXProject section */

/* Begin PBXSourcesBuildPhase section */
		388380171C17134F00168D61 /* Sources */ = {
			isa = PBXSourcesBuildPhase;
			buildActionMask = 2147483647;
			files = (
				3852D1F31C3BF724006E8669 /* search.cpp in Sources */,
				3852D1D41C2A1B8E006E8669 /* shift.cpp in Sources */,
				96FB3FD61C3255A0004D3E54 /* ByteArray.cpp in Sources */,
				3883801F1C17134F00168D61 /* main.cpp in Sources */,
				3852D1DA1C2E35F9006E8669 /* sort.cpp in Sources */,
			);
			runOnlyForDeploymentPostprocessing = 0;
		};
/* End PBXSourcesBuildPhase section */

/* Begin XCBuildConfiguration section */
		388380201C17135000168D61 /* Debug */ = {
			isa = XCBuildConfiguration;
			buildSettings = {
				ALWAYS_SEARCH_USER_PATHS = NO;
				CLANG_CXX_LANGUAGE_STANDARD = "gnu++0x";
				CLANG_CXX_LIBRARY = "libc++";
				CLANG_ENABLE_MODULES = YES;
				CLANG_ENABLE_OBJC_ARC = YES;
				CLANG_WARN_BOOL_CONVERSION = YES;
				CLANG_WARN_CONSTANT_CONVERSION = YES;
				CLANG_WARN_DIRECT_OBJC_ISA_USAGE = YES_ERROR;
				CLANG_WARN_EMPTY_BODY = YES;
				CLANG_WARN_ENUM_CONVERSION = YES;
				CLANG_WARN_INT_CONVERSION = YES;
				CLANG_WARN_OBJC_ROOT_CLASS = YES_ERROR;
				CLANG_WARN_UNREACHABLE_CODE = YES;
				CLANG_WARN__DUPLICATE_METHOD_MATCH = YES;
				CODE_SIGN_IDENTITY = "-";
				COPY_PHASE_STRIP = NO;
				DEBUG_INFORMATION_FORMAT = dwarf;
				ENABLE_STRICT_OBJC_MSGSEND = YES;
				ENABLE_TESTABILITY = YES;
				GCC_C_LANGUAGE_STANDARD = gnu99;
				GCC_DYNAMIC_NO_PIC = NO;
				GCC_NO_COMMON_BLOCKS = YES;
				GCC_OPTIMIZATION_LEVEL = 0;
				GCC_PREPROCESSOR_DEFINITIONS = (
					"DEBUG=1",
					"$(inherited)",
				);
				GCC_WARN_64_TO_32_BIT_CONVERSION = YES;
				GCC_WARN_ABOUT_RETURN_TYPE = YES_ERROR;
				GCC_WARN_UNDECLARED_SELECTOR = YES;
				GCC_WARN_UNINITIALIZED_AUTOS = YES_AGGRESSIVE;
				GCC_WARN_UNUSED_FUNCTION = YES;
				GCC_WARN_UNUSED_VARIABLE = YES;
				MACOSX_DEPLOYMENT_TARGET = 10.11;
				MTL_ENABLE_DEBUG_INFO = YES;
				ONLY_ACTIVE_ARCH = YES;
				SDKROOT = macosx;
			};
			name = Debug;
		};
		388380211C17135000168D61 /* Release */ = {
			isa = XCBuildConfiguration;
			buildSettings = {
				ALWAYS_SEARCH_USER_PATHS = NO;
				CLANG_CXX_LANGUAGE_STANDARD = "gnu++0x";
				CLANG_CXX_LIBRARY = "libc++";
				CLANG_ENABLE_MODULES = YES;
				CLANG_ENABLE_OBJC_ARC = YES;
				CLANG_WARN_BOOL_CONVERSION = YES;
				CLANG_WARN_CONSTANT_CONVERSION = YES;
				CLANG_WARN_DIRECT_OBJC_ISA_USAGE = YES_ERROR;
				CLANG_WARN_EMPTY_BODY = YES;
				CLANG_WARN_ENUM_CONVERSION = YES;
				CLANG_WARN_INT_CONVERSION = YES;
				CLANG_WARN_OBJC_ROOT_CLASS = YES_ERROR;
				CLANG_WARN_UNREACHABLE_CODE = YES;
				CLANG_WARN__DUPLICATE_METHOD_MATCH = YES;
				CODE_SIGN_IDENTITY = "-";
				COPY_PHASE_STRIP = NO;
				DEBUG_INFORMATION_FORMAT = "dwarf-with-dsym";
				ENABLE_NS_ASSERTIONS = NO;
				ENABLE_STRICT_OBJC_MSGSEND = YES;
				GCC_C_LANGUAGE_STANDARD = gnu99;
				GCC_NO_COMMON_BLOCKS = YES;
				GCC_WARN_64_TO_32_BIT_CONVERSION = YES;
				GCC_WARN_ABOUT_RETURN_TYPE = YES_ERROR;
				GCC_WARN_UNDECLARED_SELECTOR = YES;
				GCC_WARN_UNINITIALIZED_AUTOS = YES_AGGRESSIVE;
				GCC_WARN_UNUSED_FUNCTION = YES;
				GCC_WARN_UNUSED_VARIABLE = YES;
				MACOSX_DEPLOYMENT_TARGET = 10.11;
				MTL_ENABLE_DEBUG_INFO = NO;
				SDKROOT = macosx;
			};
			name = Release;
		};
		388380231C17135000168D61 /* Debug */ = {
			isa = XCBuildConfiguration;
			buildSettings = {
				ALWAYS_SEARCH_USER_PATHS = YES;
				PRODUCT_NAME = "$(TARGET_NAME)";
			};
			name = Debug;
		};
		388380241C17135000168D61 /* Release */ = {
			isa = XCBuildConfiguration;
			buildSettings = {
				ALWAYS_SEARCH_USER_PATHS = YES;
				PRODUCT_NAME = "$(TARGET_NAME)";
			};
			name = Release;
		};
/* End XCBuildConfiguration section */

/* Begin XCConfigurationList section */
		388380161C17134F00168D61 /* Build configuration list for PBXProject "test1" */ = {
			isa = XCConfigurationList;
			buildConfigurations = (
				388380201C17135000168D61 /* Debug */,
				388380211C17135000168D61 /* Release */,
			);
			defaultConfigurationIsVisible = 0;
			defaultConfigurationName = Release;
		};
		388380221C17135000168D61 /* Build configuration list for PBXNativeTarget "test1" */ = {
			isa = XCConfigurationList;
			buildConfigurations = (
				388380231C17135000168D61 /* Debug */,
				388380241C17135000168D61 /* Release */,
			);
			defaultConfigurationIsVisible = 0;
			defaultConfigurationName = Release;
		};
/* End XCConfigurationList section */
	};
	rootObject = 388380131C17134F00168D61 /* Project object */;
}
